
Microsoft Visual Studio Solution File, Format Version 12.00
# Visual Studio Version 16
VisualStudioVersion = 16.0.31205.134
MinimumVisualStudioVersion = 10.0.40219.1
Project("{FAE04EC0-301F-11D3-BF4B-00C04F79EFBC}") = "EmptyPageRecognitionApp", "EmptyPageRecognitionApp\EmptyPageRecognitionApp.csproj", "{C570AE3B-31EE-4576-875F-D81C0C03962A}"
EndProject
Global
	GlobalSection(SolutionConfigurationPlatforms) = preSolution
		Debug|Any CPU = Debug|Any CPU
		Release|Any CPU = Release|Any CPU
	EndGlobalSection
	GlobalSection(ProjectConfigurationPlatforms) = postSolution
		{C570AE3B-31EE-4576-875F-D81C0C03962A}.Debug|Any CPU.ActiveCfg = Debug|Any CPU
		{C570AE3B-31EE-4576-875F-D81C0C03962A}.Debug|Any CPU.Build.0 = Debug|Any CPU
		{C570AE3B-31EE-4576-875F-D81C0C03962A}.Release|Any CPU.ActiveCfg = Release|Any CPU
		{C570AE3B-31EE-4576-875F-D81C0C03962A}.Release|Any CPU.Build.0 = Release|Any CPU
	EndGlobalSection
	GlobalSection(SolutionProperties) = preSolution
		HideSolutionNode = FALSE
	EndGlobalSection
	GlobalSection(ExtensibilityGlobals) = postSolution
		SolutionGuid = {11AEA520-9326-42B3-972D-9B8D71DB6C61}
	EndGlobalSection
EndGlobal
